
Microsoft Visual Studio Solution File, Format Version 12.00
# Visual Studio Version 17
VisualStudioVersion = 17.14.36109.1
MinimumVisualStudioVersion = 10.0.40219.1
Project("{FAE04EC0-301F-11D3-BF4B-00C04F79EFBC}") = "Lection1003", "Lection0310\Lection1003.csproj", "{B9AAD22A-9A74-4F7D-B35A-39C3EA2CE29C}"
EndProject
Project("{FAE04EC0-301F-11D3-BF4B-00C04F79EFBC}") = "Lection1007", "Lection1007\Lection1007.csproj", "{A9B9C51B-249E-4F9E-818C-269B85903AE1}"
EndProject
Project("{FAE04EC0-301F-11D3-BF4B-00C04F79EFBC}") = "Lection1013", "Lection1013\Lection1013.csproj", "{FF466909-653D-4D1C-AE13-E8688CD95CAF}"
EndProject
Project("{FAE04EC0-301F-11D3-BF4B-00C04F79EFBC}") = "Lection1017", "Lections1017\Lection1017.csproj", "{F96BCE34-8EE4-415E-B3E1-7B5D6F05E3BF}"
EndProject
Project("{FAE04EC0-301F-11D3-BF4B-00C04F79EFBC}") = "Lection1020", "Lection1020\Lection1020.csproj", "{31BE113B-CF9A-44F2-B60F-D123C86613AF}"
EndProject
Project("{FAE04EC0-301F-11D3-BF4B-00C04F79EFBC}") = "Lection1024", "Lection1024\Lection1024.csproj", "{8F94379B-E7C4-4FB8-B9DE-4FB04559C365}"
EndProject
Project("{FAE04EC0-301F-11D3-BF4B-00C04F79EFBC}") = "Lection1101", "Lection1101\Lection1101.csproj", "{5FDA845E-864D-4B50-B3F9-D971EDE6C3ED}"
EndProject
Project("{FAE04EC0-301F-11D3-BF4B-00C04F79EFBC}") = "Lection1106", "Lection1106\Lection1106.csproj", "{47B4E501-2921-4DCB-B87C-A9D651AA41E8}"
EndProject
Global
	GlobalSection(SolutionConfigurationPlatforms) = preSolution
		Debug|Any CPU = Debug|Any CPU
		Release|Any CPU = Release|Any CPU
	EndGlobalSection
	GlobalSection(ProjectConfigurationPlatforms) = postSolution
		{B9AAD22A-9A74-4F7D-B35A-39C3EA2CE29C}.Debug|Any CPU.ActiveCfg = Debug|Any CPU
		{B9AAD22A-9A74-4F7D-B35A-39C3EA2CE29C}.Debug|Any CPU.Build.0 = Debug|Any CPU
		{B9AAD22A-9A74-4F7D-B35A-39C3EA2CE29C}.Release|Any CPU.ActiveCfg = Release|Any CPU
		{B9AAD22A-9A74-4F7D-B35A-39C3EA2CE29C}.Release|Any CPU.Build.0 = Release|Any CPU
		{A9B9C51B-249E-4F9E-818C-269B85903AE1}.Debug|Any CPU.ActiveCfg = Debug|Any CPU
		{A9B9C51B-249E-4F9E-818C-269B85903AE1}.Debug|Any CPU.Build.0 = Debug|Any CPU
		{A9B9C51B-249E-4F9E-818C-269B85903AE1}.Release|Any CPU.ActiveCfg = Release|Any CPU
		{A9B9C51B-249E-4F9E-818C-269B85903AE1}.Release|Any CPU.Build.0 = Release|Any CPU
		{FF466909-653D-4D1C-AE13-E8688CD95CAF}.Debug|Any CPU.ActiveCfg = Debug|Any CPU
		{FF466909-653D-4D1C-AE13-E8688CD95CAF}.Debug|Any CPU.Build.0 = Debug|Any CPU
		{FF466909-653D-4D1C-AE13-E8688CD95CAF}.Release|Any CPU.ActiveCfg = Release|Any CPU
		{FF466909-653D-4D1C-AE13-E8688CD95CAF}.Release|Any CPU.Build.0 = Release|Any CPU
		{F96BCE34-8EE4-415E-B3E1-7B5D6F05E3BF}.Debug|Any CPU.ActiveCfg = Debug|Any CPU
		{F96BCE34-8EE4-415E-B3E1-7B5D6F05E3BF}.Debug|Any CPU.Build.0 = Debug|Any CPU
		{F96BCE34-8EE4-415E-B3E1-7B5D6F05E3BF}.Release|Any CPU.ActiveCfg = Release|Any CPU
		{F96BCE34-8EE4-415E-B3E1-7B5D6F05E3BF}.Release|Any CPU.Build.0 = Release|Any CPU
		{31BE113B-CF9A-44F2-B60F-D123C86613AF}.Debug|Any CPU.ActiveCfg = Debug|Any CPU
		{31BE113B-CF9A-44F2-B60F-D123C86613AF}.Debug|Any CPU.Build.0 = Debug|Any CPU
		{31BE113B-CF9A-44F2-B60F-D123C86613AF}.Release|Any CPU.ActiveCfg = Release|Any CPU
		{31BE113B-CF9A-44F2-B60F-D123C86613AF}.Release|Any CPU.Build.0 = Release|Any CPU
		{8F94379B-E7C4-4FB8-B9DE-4FB04559C365}.Debug|Any CPU.ActiveCfg = Debug|Any CPU
		{8F94379B-E7C4-4FB8-B9DE-4FB04559C365}.Debug|Any CPU.Build.0 = Debug|Any CPU
		{8F94379B-E7C4-4FB8-B9DE-4FB04559C365}.Release|Any CPU.ActiveCfg = Release|Any CPU
		{8F94379B-E7C4-4FB8-B9DE-4FB04559C365}.Release|Any CPU.Build.0 = Release|Any CPU
		{5FDA845E-864D-4B50-B3F9-D971EDE6C3ED}.Debug|Any CPU.ActiveCfg = Debug|Any CPU
		{5FDA845E-864D-4B50-B3F9-D971EDE6C3ED}.Debug|Any CPU.Build.0 = Debug|Any CPU
		{5FDA845E-864D-4B50-B3F9-D971EDE6C3ED}.Release|Any CPU.ActiveCfg = Release|Any CPU
		{5FDA845E-864D-4B50-B3F9-D971EDE6C3ED}.Release|Any CPU.Build.0 = Release|Any CPU
		{47B4E501-2921-4DCB-B87C-A9D651AA41E8}.Debug|Any CPU.ActiveCfg = Debug|Any CPU
		{47B4E501-2921-4DCB-B87C-A9D651AA41E8}.Debug|Any CPU.Build.0 = Debug|Any CPU
		{47B4E501-2921-4DCB-B87C-A9D651AA41E8}.Release|Any CPU.ActiveCfg = Release|Any CPU
		{47B4E501-2921-4DCB-B87C-A9D651AA41E8}.Release|Any CPU.Build.0 = Release|Any CPU
	EndGlobalSection
	GlobalSection(SolutionProperties) = preSolution
		HideSolutionNode = FALSE
	EndGlobalSection
	GlobalSection(ExtensibilityGlobals) = postSolution
		SolutionGuid = {09F40D5B-A695-4F10-AD49-A74A2B5609F9}
	EndGlobalSection
EndGlobal
